{
	"name": "node-app",
	"version": "0.0.1",
	"lockfileVersion": 1,
	"requires": true,
	"dependencies": {
		"accepts": {
			"version": "1.0.7",
			"resolved": "https://registry.npmjs.org/accepts/-/accepts-1.0.7.tgz",
			"integrity": "sha1-W1AftPBwQwmWTM2wSBclQSCNqxo=",
			"requires": {
				"mime-types": "~1.0.0",
				"negotiator": "0.4.7"
			}
		},
		"any-promise": {
			"version": "1.3.0",
			"resolved": "https://registry.npmjs.org/any-promise/-/any-promise-1.3.0.tgz",
			"integrity": "sha1-q8av7tzqUugJzcA3au0845Y10X8="
		},
		"asynckit": {
			"version": "0.4.0",
			"resolved": "https://registry.npmjs.org/asynckit/-/asynckit-0.4.0.tgz",
			"integrity": "sha1-x57Zf380y48robyXkLzDZkdLS3k=",
			"dev": true
		},
		"base64-url": {
			"version": "1.3.3",
			"resolved": "https://registry.npmjs.org/base64-url/-/base64-url-1.3.3.tgz",
			"integrity": "sha1-+LbFN/CaT8WMmcuG4LDpxhRhog8="
		},
		"basic-auth-connect": {
			"version": "1.0.0",
			"resolved": "https://registry.npmjs.org/basic-auth-connect/-/basic-auth-connect-1.0.0.tgz",
			"integrity": "sha1-/bC0OWLKe0BFanwrtI/hc9otISI="
		},
		"batch": {
			"version": "0.5.1",
			"resolved": "https://registry.npmjs.org/batch/-/batch-0.5.1.tgz",
			"integrity": "sha1-NqS6tZTAUP17UHvKDbMMLZKvT/I="
		},
		"body-parser": {
			"version": "1.4.3",
			"resolved": "https://registry.npmjs.org/body-parser/-/body-parser-1.4.3.tgz",
			"integrity": "sha1-RyeVLP9K8Hc+76SyJsL0Ei9eI00=",
			"requires": {
				"bytes": "1.0.0",
				"depd": "0.3.0",
				"iconv-lite": "0.4.3",
				"media-typer": "0.2.0",
				"qs": "0.6.6",
				"raw-body": "1.2.2",
				"type-is": "1.3.1"
			},
			"dependencies": {
				"type-is": {
					"version": "1.3.1",
					"resolved": "https://registry.npmjs.org/type-is/-/type-is-1.3.1.tgz",
					"integrity": "sha1-pnibWlITgomt4e+PbZ8odP/XC2s=",
					"requires": {
						"media-typer": "0.2.0",
						"mime-types": "1.0.0"
					}
				}
			}
		},
		"buffer-crc32": {
			"version": "0.2.3",
			"resolved": "https://registry.npmjs.org/buffer-crc32/-/buffer-crc32-0.2.3.tgz",
			"integrity": "sha1-u1RRnpXRB8vSQA520MqxRnM22SE="
		},
		"bytes": {
			"version": "1.0.0",
			"resolved": "https://registry.npmjs.org/bytes/-/bytes-1.0.0.tgz",
			"integrity": "sha1-NWnt6Lo0MV+rmcPpLLBMciDeH6g="
		},
		"call-bind": {
			"version": "1.0.2",
			"resolved": "https://registry.npmjs.org/call-bind/-/call-bind-1.0.2.tgz",
			"integrity": "sha512-7O+FbCihrB5WGbFYesctwmTKae6rOiIzmz1icreWJ+0aA7LJfuqhEso2T9ncpcFtzMQtzXf2QGGueWJGTYsqrA==",
			"dev": true,
			"requires": {
				"function-bind": "^1.1.1",
				"get-intrinsic": "^1.0.2"
			}
		},
		"combined-stream": {
			"version": "1.0.8",
			"resolved": "https://registry.npmjs.org/combined-stream/-/combined-stream-1.0.8.tgz",
			"integrity": "sha512-FQN4MRfuJeHf7cBbBMJFXhKSDq+2kAArBlmRBvcvFE5BB1HZKXtSFASDhdlz9zOYwxh8lDdnvmMOe/+5cdoEdg==",
			"dev": true,
			"requires": {
				"delayed-stream": "~1.0.0"
			}
		},
		"commander": {
			"version": "1.3.2",
			"resolved": "https://registry.npmjs.org/commander/-/commander-1.3.2.tgz",
			"integrity": "sha1-io8w7GcKb91kr1LxkUuQfXnq1bU=",
			"requires": {
				"keypress": "0.1.x"
			}
		},
		"component-emitter": {
			"version": "1.3.0",
			"resolved": "https://registry.npmjs.org/component-emitter/-/component-emitter-1.3.0.tgz",
			"integrity": "sha512-Rd3se6QB+sO1TwqZjscQrurpEPIfO0/yYnSin6Q/rD3mOutHvUrCAhJub3r90uNb+SESBuE0QYoB90YdfatsRg==",
			"dev": true
		},
		"compressible": {
			"version": "1.1.1",
			"resolved": "https://registry.npmjs.org/compressible/-/compressible-1.1.1.tgz",
			"integrity": "sha1-I7ceqQ6mxqZiiXAakYGCwk0HKe8="
		},
		"compression": {
			"version": "1.0.11",
			"resolved": "https://registry.npmjs.org/compression/-/compression-1.0.11.tgz",
			"integrity": "sha1-aXAM8e6JY0VDVqwZKm5ekeIyv/s=",
			"requires": {
				"accepts": "~1.0.7",
				"bytes": "1.0.0",
				"compressible": "~1.1.1",
				"debug": "1.0.4",
				"on-headers": "~1.0.0",
				"vary": "~1.0.0"
			},
			"dependencies": {
				"debug": {
					"version": "1.0.4",
					"resolved": "https://registry.npmjs.org/debug/-/debug-1.0.4.tgz",
					"integrity": "sha1-W5wla9VLbsAigxdvqKDt5tFUy/g=",
					"requires": {
						"ms": "0.6.2"
					}
				},
				"on-headers": {
					"version": "1.0.2",
					"resolved": "https://registry.npmjs.org/on-headers/-/on-headers-1.0.2.tgz",
					"integrity": "sha512-pZAE+FJLoyITytdqK0U5s+FIpjN0JP3OzFi/u8Rx+EV5/W+JTWGXG8xFzevE7AjBfDqHv/8vL8qQsIhHnqRkrA=="
				},
				"vary": {
					"version": "1.0.1",
					"resolved": "https://registry.npmjs.org/vary/-/vary-1.0.1.tgz",
					"integrity": "sha1-meSYFWaihhGN+yuBc1ffeZM3bRA="
				}
			}
		},
		"connect": {
			"version": "2.21.1",
			"resolved": "https://registry.npmjs.org/connect/-/connect-2.21.1.tgz",
			"integrity": "sha1-qUjuZhZ0iB5WFcBtuYLV1HzQqhI=",
			"requires": {
				"basic-auth-connect": "1.0.0",
				"body-parser": "1.4.3",
				"bytes": "1.0.0",
				"compression": "~1.0.8",
				"connect-timeout": "1.1.1",
				"cookie": "0.1.2",
				"cookie-parser": "1.3.2",
				"cookie-signature": "1.0.4",
				"csurf": "1.2.2",
				"debug": "1.0.2",
				"depd": "0.3.0",
				"errorhandler": "1.1.1",
				"express-session": "~1.5.2",
				"finalhandler": "0.0.2",
				"fresh": "0.2.2",
				"media-typer": "0.2.0",
				"method-override": "2.0.2",
				"morgan": "1.1.1",
				"multiparty": "3.2.9",
				"on-headers": "0.0.0",
				"parseurl": "1.0.1",
				"pause": "0.0.1",
				"qs": "0.6.6",
				"response-time": "2.0.0",
				"serve-favicon": "2.0.1",
				"serve-index": "~1.1.3",
				"serve-static": "1.2.3",
				"type-is": "~1.3.2",
				"vhost": "2.0.0"
			}
		},
		"connect-timeout": {
			"version": "1.1.1",
			"resolved": "https://registry.npmjs.org/connect-timeout/-/connect-timeout-1.1.1.tgz",
			"integrity": "sha1-bH4xyY8Kxo620TBfZ/IfWm6Q/QQ=",
			"requires": {
				"debug": "1.0.2",
				"on-headers": "0.0.0"
			}
		},
		"cookie": {
			"version": "0.1.2",
			"resolved": "https://registry.npmjs.org/cookie/-/cookie-0.1.2.tgz",
			"integrity": "sha1-cv7D0k5Io0Mgc9kMEmQgBQYQBLE="
		},
		"cookie-parser": {
			"version": "1.3.2",
			"resolved": "https://registry.npmjs.org/cookie-parser/-/cookie-parser-1.3.2.tgz",
			"integrity": "sha1-UiEcyCyVXXn/DAiJVEB3JOGc9WI=",
			"requires": {
				"cookie": "0.1.2",
				"cookie-signature": "1.0.4"
			}
		},
		"cookie-signature": {
			"version": "1.0.4",
			"resolved": "https://registry.npmjs.org/cookie-signature/-/cookie-signature-1.0.4.tgz",
			"integrity": "sha1-Dt0iKG46ERuaKnDbNj6SXoZ/aso="
		},
		"cookiejar": {
			"version": "2.1.2",
			"resolved": "https://registry.npmjs.org/cookiejar/-/cookiejar-2.1.2.tgz",
			"integrity": "sha512-Mw+adcfzPxcPeI+0WlvRrr/3lGVO0bD75SxX6811cxSh1Wbxx7xZBGK1eVtDf6si8rg2lhnUjsVLMFMfbRIuwA==",
			"dev": true
		},
		"core-util-is": {
			"version": "1.0.2",
			"resolved": "https://registry.npmjs.org/core-util-is/-/core-util-is-1.0.2.tgz",
			"integrity": "sha1-tf1UIgqivFq1eqtxQMlAdUUDwac="
		},
		"csrf-tokens": {
			"version": "2.0.0",
			"resolved": "https://registry.npmjs.org/csrf-tokens/-/csrf-tokens-2.0.0.tgz",
			"integrity": "sha1-yCEAP7i2rRe8l31v0ahL7cPtYZs=",
			"requires": {
				"base64-url": "1",
				"rndm": "1",
				"scmp": "~0.0.3",
				"uid-safe": "1"
			}
		},
		"csurf": {
			"version": "1.2.2",
			"resolved": "https://registry.npmjs.org/csurf/-/csurf-1.2.2.tgz",
			"integrity": "sha1-Lqny0/LWex4iUykOZ2tiGV3Ld1Y=",
			"requires": {
				"csrf-tokens": "~2.0.0"
			}
		},
		"debug": {
			"version": "1.0.2",
			"resolved": "https://registry.npmjs.org/debug/-/debug-1.0.2.tgz",
			"integrity": "sha1-OElZHBDM5khHbDx8Li40FttZY8Q=",
			"requires": {
				"ms": "0.6.2"
			}
		},
		"delayed-stream": {
			"version": "1.0.0",
			"resolved": "https://registry.npmjs.org/delayed-stream/-/delayed-stream-1.0.0.tgz",
			"integrity": "sha1-3zrhmayt+31ECqrgsp4icrJOxhk=",
			"dev": true
		},
		"depd": {
			"version": "0.3.0",
			"resolved": "https://registry.npmjs.org/depd/-/depd-0.3.0.tgz",
			"integrity": "sha1-Ecm8KOQlMl+9iziUC+/2n6UyaIM="
		},
		"diff": {
			"version": "1.0.7",
			"resolved": "https://registry.npmjs.org/diff/-/diff-1.0.7.tgz",
			"integrity": "sha1-JLuwAcSn1VIhaefKvbLCgU7ZHPQ=",
			"dev": true
		},
		"ee-first": {
			"version": "1.0.3",
			"resolved": "https://registry.npmjs.org/ee-first/-/ee-first-1.0.3.tgz",
			"integrity": "sha1-bJjECJq+y1p7hcGsRJqmA9Oz2r4="
		},
		"errorhandler": {
			"version": "1.1.1",
			"resolved": "https://registry.npmjs.org/errorhandler/-/errorhandler-1.1.1.tgz",
			"integrity": "sha1-GN79Q22Mou/gotiGxcTW7m121pE=",
			"requires": {
				"accepts": "~1.0.4",
				"escape-html": "1.0.1"
			}
		},
		"escape-html": {
			"version": "1.0.1",
			"resolved": "https://registry.npmjs.org/escape-html/-/escape-html-1.0.1.tgz",
			"integrity": "sha1-GBoobq05ejmpKFfPsdQwUuNWv/A="
		},
		"express": {
			"version": "3.12.1",
			"resolved": "https://registry.npmjs.org/express/-/express-3.12.1.tgz",
			"integrity": "sha1-8T0mDRrG68SROkLf7pE83GXdltQ=",
			"requires": {
				"buffer-crc32": "0.2.3",
				"commander": "1.3.2",
				"connect": "2.21.1",
				"cookie": "0.1.2",
				"cookie-signature": "1.0.4",
				"debug": "1.0.2",
				"depd": "0.3.0",
				"escape-html": "1.0.1",
				"fresh": "0.2.2",
				"media-typer": "0.2.0",
				"merge-descriptors": "0.0.2",
				"methods": "1.0.1",
				"mkdirp": "0.5.0",
				"parseurl": "1.0.1",
				"proxy-addr": "1.0.1",
				"range-parser": "1.0.0",
				"send": "0.4.3",
				"vary": "0.1.0"
			}
		},
		"express-session": {
			"version": "1.5.2",
			"resolved": "https://registry.npmjs.org/express-session/-/express-session-1.5.2.tgz",
			"integrity": "sha1-56Tr74ob/8EyMt0J/mq18DMeMw8=",
			"requires": {
				"buffer-crc32": "0.2.3",
				"cookie": "0.1.2",
				"cookie-signature": "1.0.4",
				"debug": "1.0.2",
				"depd": "0.3.0",
				"on-headers": "0.0.0",
				"uid-safe": "1.0.1",
				"utils-merge": "1.0.0"
			},
			"dependencies": {
				"uid-safe": {
					"version": "1.0.1",
					"resolved": "https://registry.npmjs.org/uid-safe/-/uid-safe-1.0.1.tgz",
					"integrity": "sha1-W9FIRgouhPVPGT/SA1LIw9feasg=",
					"requires": {
						"base64-url": "1",
						"mz": "1"
					}
				}
			}
		},
		"fast-safe-stringify": {
			"version": "2.0.8",
			"resolved": "https://registry.npmjs.org/fast-safe-stringify/-/fast-safe-stringify-2.0.8.tgz",
			"integrity": "sha512-lXatBjf3WPjmWD6DpIZxkeSsCOwqI0maYMpgDlx8g4U2qi4lbjA9oH/HD2a87G+KfsUmo5WbJFmqBZlPxtptag==",
			"dev": true
		},
		"finalhandler": {
			"version": "0.0.2",
			"resolved": "https://registry.npmjs.org/finalhandler/-/finalhandler-0.0.2.tgz",
			"integrity": "sha1-BgPYde6H1WeiZmkoFcyK1E/M7to=",
			"requires": {
				"debug": "1.0.2",
				"escape-html": "1.0.1"
			}
		},
		"finished": {
			"version": "1.2.2",
			"resolved": "https://registry.npmjs.org/finished/-/finished-1.2.2.tgz",
			"integrity": "sha1-QWCOr639ZWg7RqEiC8Sx7D2u3Ng=",
			"requires": {
				"ee-first": "1.0.3"
			}
		},
		"form-data": {
			"version": "3.0.1",
			"resolved": "https://registry.npmjs.org/form-data/-/form-data-3.0.1.tgz",
			"integrity": "sha512-RHkBKtLWUVwd7SqRIvCZMEvAMoGUp0XU+seQiZejj0COz3RI3hWP4sCv3gZWWLjJTd7rGwcsF5eKZGii0r/hbg==",
			"dev": true,
			"requires": {
				"asynckit": "^0.4.0",
				"combined-stream": "^1.0.8",
				"mime-types": "^2.1.12"
			},
			"dependencies": {
				"mime-types": {
					"version": "2.1.31",
					"resolved": "https://registry.npmjs.org/mime-types/-/mime-types-2.1.31.tgz",
					"integrity": "sha512-XGZnNzm3QvgKxa8dpzyhFTHmpP3l5YNusmne07VUOXxou9CqUqYa/HBy124RqtVh/O2pECas/MOcsDgpilPOPg==",
					"dev": true,
					"requires": {
						"mime-db": "1.48.0"
					}
				}
			}
		},
		"formidable": {
			"version": "1.2.2",
			"resolved": "https://registry.npmjs.org/formidable/-/formidable-1.2.2.tgz",
			"integrity": "sha512-V8gLm+41I/8kguQ4/o1D3RIHRmhYFG4pnNyonvua+40rqcEmT4+V71yaZ3B457xbbgCsCfjSPi65u/W6vK1U5Q==",
			"dev": true
		},
		"fresh": {
			"version": "0.2.2",
			"resolved": "https://registry.npmjs.org/fresh/-/fresh-0.2.2.tgz",
			"integrity": "sha1-lzHc9WeMf660T7kDxPct9VGH+nc="
		},
		"function-bind": {
			"version": "1.1.1",
			"resolved": "https://registry.npmjs.org/function-bind/-/function-bind-1.1.1.tgz",
			"integrity": "sha512-yIovAzMX49sF8Yl58fSCWJ5svSLuaibPxXQJFLmBObTuCr0Mf1KiPopGM9NiFjiYBCbfaa2Fh6breQ6ANVTI0A==",
			"dev": true
		},
		"get-intrinsic": {
			"version": "1.1.1",
			"resolved": "https://registry.npmjs.org/get-intrinsic/-/get-intrinsic-1.1.1.tgz",
			"integrity": "sha512-kWZrnVM42QCiEA2Ig1bG8zjoIMOgxWwYCEeNdwY6Tv/cOSeGpcoX4pXHfKUxNKVoArnrEr2e9srnAxxGIraS9Q==",
			"dev": true,
			"requires": {
				"function-bind": "^1.1.1",
				"has": "^1.0.3",
				"has-symbols": "^1.0.1"
			}
		},
		"glob": {
			"version": "3.2.3",
			"resolved": "https://registry.npmjs.org/glob/-/glob-3.2.3.tgz",
			"integrity": "sha1-4xPusknHr/qlxHUoaw4RW1mDlGc=",
			"dev": true,
			"requires": {
				"graceful-fs": "~2.0.0",
				"inherits": "2",
				"minimatch": "~0.2.11"
			}
		},
		"graceful-fs": {
			"version": "2.0.3",
			"resolved": "https://registry.npmjs.org/graceful-fs/-/graceful-fs-2.0.3.tgz",
			"integrity": "sha1-fNLNsiiko/Nule+mzBQt59GhNtA=",
			"dev": true
		},
		"growl": {
			"version": "1.7.0",
			"resolved": "https://registry.npmjs.org/growl/-/growl-1.7.0.tgz",
			"integrity": "sha1-3i1mE20ALhErpw8/EMMc98NQsto=",
			"dev": true
		},
		"has": {
			"version": "1.0.3",
			"resolved": "https://registry.npmjs.org/has/-/has-1.0.3.tgz",
			"integrity": "sha512-f2dvO0VU6Oej7RkWJGrehjbzMAjFp5/VKPp5tTpWIV4JHHZK1/BxbFRtf/siA2SWTe09caDmVtYYzWEIbBS4zw==",
			"dev": true,
			"requires": {
				"function-bind": "^1.1.1"
			}
		},
		"has-symbols": {
			"version": "1.0.2",
			"resolved": "https://registry.npmjs.org/has-symbols/-/has-symbols-1.0.2.tgz",
			"integrity": "sha512-chXa79rL/UC2KlX17jo3vRGz0azaWEx5tGqZg5pO3NUyEJVB17dMruQlzCCOfUvElghKcm5194+BCRvi2Rv/Gw==",
			"dev": true
		},
		"iconv-lite": {
			"version": "0.4.3",
			"resolved": "https://registry.npmjs.org/iconv-lite/-/iconv-lite-0.4.3.tgz",
			"integrity": "sha1-nniHeTt2nMaV6yLSVGpP0tebeh4="
		},
		"inherits": {
			"version": "2.0.4",
			"resolved": "https://registry.npmjs.org/inherits/-/inherits-2.0.4.tgz",
			"integrity": "sha512-k/vGaX4/Yla3WzyMCvTQOXYeIHvqOKtnqBduzTHpzpQZzAskKMhZ2K+EnBiSM9zGSoIFeMpXKxa4dYeZIQqewQ=="
		},
		"ipaddr.js": {
			"version": "0.1.2",
			"resolved": "https://registry.npmjs.org/ipaddr.js/-/ipaddr.js-0.1.2.tgz",
			"integrity": "sha1-ah/T2FT1ACllw017vNm0qNSwRn4="
		},
		"isarray": {
			"version": "0.0.1",
			"resolved": "https://registry.npmjs.org/isarray/-/isarray-0.0.1.tgz",
			"integrity": "sha1-ihis/Kmo9Bd+Cav8YDiTmwXR7t8="
		},
		"jade": {
			"version": "0.26.3",
			"resolved": "https://registry.npmjs.org/jade/-/jade-0.26.3.tgz",
			"integrity": "sha1-jxDXl32NefL2/4YqgbBRPMslaGw=",
			"dev": true,
			"requires": {
				"commander": "0.6.1",
				"mkdirp": "0.3.0"
			},
			"dependencies": {
				"commander": {
					"version": "0.6.1",
					"resolved": "https://registry.npmjs.org/commander/-/commander-0.6.1.tgz",
					"integrity": "sha1-+mihT2qUXVTbvlDYzbMyDp47GgY=",
					"dev": true
				},
				"mkdirp": {
					"version": "0.3.0",
					"resolved": "https://registry.npmjs.org/mkdirp/-/mkdirp-0.3.0.tgz",
					"integrity": "sha1-G79asbqCevI1dRQ0kEJkVfSB/h4=",
					"dev": true
				}
			}
		},
		"keypress": {
			"version": "0.1.0",
			"resolved": "https://registry.npmjs.org/keypress/-/keypress-0.1.0.tgz",
			"integrity": "sha1-SjGI1CkbZrT2XtuZ+AaqmuKTWSo="
		},
		"lru-cache": {
			"version": "2.7.3",
			"resolved": "https://registry.npmjs.org/lru-cache/-/lru-cache-2.7.3.tgz",
			"integrity": "sha1-bUUk6LlV+V1PW1iFHOId1y+06VI=",
			"dev": true
		},
		"media-typer": {
			"version": "0.2.0",
			"resolved": "https://registry.npmjs.org/media-typer/-/media-typer-0.2.0.tgz",
			"integrity": "sha1-2KBlITrf6qLnYyGitt2jb/YzWYQ="
		},
		"merge-descriptors": {
			"version": "0.0.2",
			"resolved": "https://registry.npmjs.org/merge-descriptors/-/merge-descriptors-0.0.2.tgz",
			"integrity": "sha1-w2pSp4FDdRPFcnXzndnTF1FKyMc="
		},
		"method-override": {
			"version": "2.0.2",
			"resolved": "https://registry.npmjs.org/method-override/-/method-override-2.0.2.tgz",
			"integrity": "sha1-AFMSeMeXiWQL8n6X4mo6Wh98ynM=",
			"requires": {
				"methods": "1.0.1",
				"parseurl": "1.0.1",
				"vary": "0.1.0"
			}
		},
		"methods": {
			"version": "1.0.1",
			"resolved": "https://registry.npmjs.org/methods/-/methods-1.0.1.tgz",
			"integrity": "sha1-dbyRlD3/19oDfPPusO1zoAN80Us="
		},
		"mime": {
			"version": "1.2.11",
			"resolved": "https://registry.npmjs.org/mime/-/mime-1.2.11.tgz",
			"integrity": "sha1-WCA+7Ybjpe8XrtK32evUfwpg3RA="
		},
		"mime-db": {
			"version": "1.48.0",
			"resolved": "https://registry.npmjs.org/mime-db/-/mime-db-1.48.0.tgz",
			"integrity": "sha512-FM3QwxV+TnZYQ2aRqhlKBMHxk10lTbMt3bBkMAp54ddrNeVSfcQYOOKuGuy3Ddrm38I04If834fOUSq1yzslJQ==",
			"dev": true
		},
		"mime-types": {
			"version": "1.0.0",
			"resolved": "https://registry.npmjs.org/mime-types/-/mime-types-1.0.0.tgz",
			"integrity": "sha1-antKavLn2S+Xr+A/BHx4AejwAdI="
		},
		"minimatch": {
			"version": "0.2.14",
			"resolved": "https://registry.npmjs.org/minimatch/-/minimatch-0.2.14.tgz",
			"integrity": "sha1-x054BXT2PG+aCQ6Q775u9TpqdWo=",
			"dev": true,
			"requires": {
				"lru-cache": "2",
				"sigmund": "~1.0.0"
			}
		},
		"minimist": {
			"version": "0.0.8",
			"resolved": "https://registry.npmjs.org/minimist/-/minimist-0.0.8.tgz",
			"integrity": "sha1-hX/Kv8M5fSYluCKCYuhqp6ARsF0="
		},
		"mkdirp": {
			"version": "0.5.0",
			"resolved": "https://registry.npmjs.org/mkdirp/-/mkdirp-0.5.0.tgz",
			"integrity": "sha1-HXMHam35hs2TROFecfzAWkyavxI=",
			"requires": {
				"minimist": "0.0.8"
			}
		},
		"mocha": {
			"version": "1.20.1",
			"resolved": "https://registry.npmjs.org/mocha/-/mocha-1.20.1.tgz",
			"integrity": "sha1-80ODLZ/gx9l8ZPxwRI9RNt+f7Vs=",
			"dev": true,
			"requires": {
				"commander": "2.0.0",
				"debug": "*",
				"diff": "1.0.7",
				"glob": "3.2.3",
				"growl": "1.7.x",
				"jade": "0.26.3",
				"mkdirp": "0.3.5"
			},
			"dependencies": {
				"commander": {
					"version": "2.0.0",
					"resolved": "https://registry.npmjs.org/commander/-/commander-2.0.0.tgz",
					"integrity": "sha1-0bhvkB+LZL2UG96tr5JFMDk76Sg=",
					"dev": true
				},
				"mkdirp": {
					"version": "0.3.5",
					"resolved": "https://registry.npmjs.org/mkdirp/-/mkdirp-0.3.5.tgz",
					"integrity": "sha1-3j5fiWHIjHh+4TaN+EmsRBPsqNc=",
					"dev": true
				}
			}
		},
		"morgan": {
			"version": "1.1.1",
			"resolved": "https://registry.npmjs.org/morgan/-/morgan-1.1.1.tgz",
			"integrity": "sha1-zeRdLoB+vMQ5dFhG6oA5LmkJgUY=",
			"requires": {
				"bytes": "1.0.0"
			}
		},
		"ms": {
			"version": "0.6.2",
			"resolved": "https://registry.npmjs.org/ms/-/ms-0.6.2.tgz",
			"integrity": "sha1-2JwhJMb9wTU9Zai3e/GqxLGTcIw="
		},
		"multiparty": {
			"version": "3.2.9",
			"resolved": "https://registry.npmjs.org/multiparty/-/multiparty-3.2.9.tgz",
			"integrity": "sha1-xzNz6pwBLnd2zlvEDJNiZLa6LB4=",
			"requires": {
				"readable-stream": "~1.1.9",
				"stream-counter": "~0.2.0"
			}
		},
		"mz": {
			"version": "1.3.0",
			"resolved": "https://registry.npmjs.org/mz/-/mz-1.3.0.tgz",
			"integrity": "sha1-BvCT/dmVagbTfhsegTROJ0eMQvA=",
			"requires": {
				"native-or-bluebird": "1",
				"thenify": "3",
				"thenify-all": "1"
			}
		},
		"native-or-bluebird": {
			"version": "1.1.2",
			"resolved": "https://registry.npmjs.org/native-or-bluebird/-/native-or-bluebird-1.1.2.tgz",
			"integrity": "sha1-OSHhECMtHreQ89rGG7NwUxx9NW4="
		},
		"negotiator": {
			"version": "0.4.7",
			"resolved": "https://registry.npmjs.org/negotiator/-/negotiator-0.4.7.tgz",
			"integrity": "sha1-pBYPcXfsgGc4Yx0NMFIyXaQqvcg="
		},
		"object-inspect": {
			"version": "1.11.0",
			"resolved": "https://registry.npmjs.org/object-inspect/-/object-inspect-1.11.0.tgz",
			"integrity": "sha512-jp7ikS6Sd3GxQfZJPyH3cjcbJF6GZPClgdV+EFygjFLQ5FmW/dRUnTd9PQ9k0JhoNDabWFbpF1yCdSWCC6gexg==",
			"dev": true
		},
		"on-headers": {
			"version": "0.0.0",
			"resolved": "https://registry.npmjs.org/on-headers/-/on-headers-0.0.0.tgz",
			"integrity": "sha1-7igX+DRDJXhc2cLfKyQrvBfK9MQ="
		},
		"parseurl": {
			"version": "1.0.1",
			"resolved": "https://registry.npmjs.org/parseurl/-/parseurl-1.0.1.tgz",
			"integrity": "sha1-Llfc5u/dN8NRhwEDCUTCK/OIt7Q="
		},
		"pause": {
			"version": "0.0.1",
			"resolved": "https://registry.npmjs.org/pause/-/pause-0.0.1.tgz",
			"integrity": "sha1-HUCLP9t2kjuVQ9lvtMnf1TXZy10="
		},
		"proxy-addr": {
			"version": "1.0.1",
			"resolved": "https://registry.npmjs.org/proxy-addr/-/proxy-addr-1.0.1.tgz",
			"integrity": "sha1-x8Vm1etOP61n7rnHfFVYzMObiKg=",
			"requires": {
				"ipaddr.js": "0.1.2"
			}
		},
		"qs": {
			"version": "0.6.6",
			"resolved": "https://registry.npmjs.org/qs/-/qs-0.6.6.tgz",
			"integrity": "sha1-bgFQmP9RlouKPIGQAdXyyJvEsQc="
		},
		"range-parser": {
			"version": "1.0.0",
			"resolved": "https://registry.npmjs.org/range-parser/-/range-parser-1.0.0.tgz",
			"integrity": "sha1-pLJkz+C+XONqvjdlrJwqJIdG28A="
		},
		"raw-body": {
			"version": "1.2.2",
			"resolved": "https://registry.npmjs.org/raw-body/-/raw-body-1.2.2.tgz",
			"integrity": "sha1-DGjh7ijP7X26SCIjSuxgeEYcvB8=",
			"requires": {
				"bytes": "1",
				"iconv-lite": "0.4.3"
			}
		},
		"readable-stream": {
			"version": "1.1.14",
			"resolved": "https://registry.npmjs.org/readable-stream/-/readable-stream-1.1.14.tgz",
			"integrity": "sha1-fPTFTvZI44EwhMY23SB54WbAgdk=",
			"requires": {
				"core-util-is": "~1.0.0",
				"inherits": "~2.0.1",
				"isarray": "0.0.1",
				"string_decoder": "~0.10.x"
			}
		},
		"response-time": {
			"version": "2.0.0",
			"resolved": "https://registry.npmjs.org/response-time/-/response-time-2.0.0.tgz",
			"integrity": "sha1-Zcs5/VDeL0/9vdKF8YVZZr1vyzY=",
			"requires": {
				"on-headers": "0.0.0"
			}
		},
		"rndm": {
			"version": "1.2.0",
			"resolved": "https://registry.npmjs.org/rndm/-/rndm-1.2.0.tgz",
			"integrity": "sha1-8z/pz7Urv9UgqhgyO8ZdsRCht2w="
		},
		"safe-buffer": {
			"version": "5.2.1",
			"resolved": "https://registry.npmjs.org/safe-buffer/-/safe-buffer-5.2.1.tgz",
			"integrity": "sha512-rp3So07KcdmmKbGvgaNxQSJr7bGVSVk5S9Eq1F+ppbRo70+YeaDxkw5Dd8NPN+GD6bjnYm2VuPuCXmpuYvmCXQ==",
			"dev": true
		},
		"scmp": {
			"version": "0.0.3",
			"resolved": "https://registry.npmjs.org/scmp/-/scmp-0.0.3.tgz",
			"integrity": "sha1-NkjfLXKUZB5/eGc//CloHZutkHM="
		},
		"semver": {
			"version": "7.3.5",
			"resolved": "https://registry.npmjs.org/semver/-/semver-7.3.5.tgz",
			"integrity": "sha512-PoeGJYh8HK4BTO/a9Tf6ZG3veo/A7ZVsYrSA6J8ny9nb3B1VrpkuN+z9OE5wfE5p6H4LchYZsegiQgbJD94ZFQ==",
			"dev": true,
			"requires": {
				"lru-cache": "^6.0.0"
			},
			"dependencies": {
				"lru-cache": {
					"version": "6.0.0",
					"resolved": "https://registry.npmjs.org/lru-cache/-/lru-cache-6.0.0.tgz",
					"integrity": "sha512-Jo6dJ04CmSjuznwJSS3pUeWmd/H0ffTlkXXgwZi+eq1UCmqQwCh+eLsYOYCwY991i2Fah4h1BEMCx4qThGbsiA==",
					"dev": true,
					"requires": {
						"yallist": "^4.0.0"
					}
				}
			}
		},
		"send": {
			"version": "0.4.3",
			"resolved": "https://registry.npmjs.org/send/-/send-0.4.3.tgz",
			"integrity": "sha1-lieyO3cH+/Y3ODHKxXkzMLWUtkA=",
			"requires": {
				"debug": "1.0.2",
				"escape-html": "1.0.1",
				"finished": "1.2.2",
				"fresh": "0.2.2",
				"mime": "1.2.11",
				"range-parser": "~1.0.0"
			}
		},
		"serve-favicon": {
			"version": "2.0.1",
			"resolved": "https://registry.npmjs.org/serve-favicon/-/serve-favicon-2.0.1.tgz",
			"integrity": "sha1-SCaXXZ8XPKOkFY6WmBYfdd7Hr+w=",
			"requires": {
				"fresh": "0.2.2"
			}
		},
		"serve-index": {
			"version": "1.1.6",
			"resolved": "https://registry.npmjs.org/serve-index/-/serve-index-1.1.6.tgz",
			"integrity": "sha1-t1gxj+eBYoOD9mrIDdRHcS6neB8=",
			"requires": {
				"accepts": "~1.0.7",
				"batch": "0.5.1",
				"parseurl": "~1.3.0"
			},
			"dependencies": {
				"parseurl": {
					"version": "1.3.3",
					"resolved": "https://registry.npmjs.org/parseurl/-/parseurl-1.3.3.tgz",
					"integrity": "sha512-CiyeOxFT/JZyN5m0z9PfXw4SCBJ6Sygz1Dpl0wqjlhDEGGBP1GnsUVEL0p63hoG1fcj3fHynXi9NYO4nWOL+qQ=="
				}
			}
		},
		"serve-static": {
			"version": "1.2.3",
			"resolved": "https://registry.npmjs.org/serve-static/-/serve-static-1.2.3.tgz",
			"integrity": "sha1-k87Lw0Dweey4WJKB0dwxwmwM0Vg=",
			"requires": {
				"escape-html": "1.0.1",
				"parseurl": "1.0.1",
				"send": "0.4.3"
			}
		},
		"side-channel": {
			"version": "1.0.4",
			"resolved": "https://registry.npmjs.org/side-channel/-/side-channel-1.0.4.tgz",
			"integrity": "sha512-q5XPytqFEIKHkGdiMIrY10mvLRvnQh42/+GoBlFW3b2LXLE2xxJpZFdm94we0BaoV3RwJyGqg5wS7epxTv0Zvw==",
			"dev": true,
			"requires": {
				"call-bind": "^1.0.0",
				"get-intrinsic": "^1.0.2",
				"object-inspect": "^1.9.0"
			}
		},
		"sigmund": {
			"version": "1.0.1",
			"resolved": "https://registry.npmjs.org/sigmund/-/sigmund-1.0.1.tgz",
			"integrity": "sha1-P/IfGYytIXX587eBhT/ZTQ0ZtZA=",
			"dev": true
		},
		"stream-counter": {
			"version": "0.2.0",
			"resolved": "https://registry.npmjs.org/stream-counter/-/stream-counter-0.2.0.tgz",
			"integrity": "sha1-3tJmVWMZyLDiIoErnPOyb6fZR94=",
			"requires": {
				"readable-stream": "~1.1.8"
			}
		},
		"string_decoder": {
			"version": "0.10.31",
			"resolved": "https://registry.npmjs.org/string_decoder/-/string_decoder-0.10.31.tgz",
			"integrity": "sha1-YuIDvEF2bGwoyfyEMB2rHFMQ+pQ="
		},
		"superagent": {
			"version": "6.1.0",
			"resolved": "https://registry.npmjs.org/superagent/-/superagent-6.1.0.tgz",
			"integrity": "sha512-OUDHEssirmplo3F+1HWKUrUjvnQuA+nZI6i/JJBdXb5eq9IyEQwPyPpqND+SSsxf6TygpBEkUjISVRN4/VOpeg==",
			"dev": true,
			"requires": {
				"component-emitter": "^1.3.0",
				"cookiejar": "^2.1.2",
				"debug": "^4.1.1",
				"fast-safe-stringify": "^2.0.7",
				"form-data": "^3.0.0",
				"formidable": "^1.2.2",
				"methods": "^1.1.2",
				"mime": "^2.4.6",
				"qs": "^6.9.4",
				"readable-stream": "^3.6.0",
				"semver": "^7.3.2"
			},
			"dependencies": {
				"debug": {
					"version": "4.3.2",
					"resolved": "https://registry.npmjs.org/debug/-/debug-4.3.2.tgz",
					"integrity": "sha512-mOp8wKcvj7XxC78zLgw/ZA+6TSgkoE2C/ienthhRD298T7UNwAg9diBpLRxC0mOezLl4B0xV7M0cCO6P/O0Xhw==",
					"dev": true,
					"requires": {
						"ms": "2.1.2"
					}
				},
				"methods": {
					"version": "1.1.2",
					"resolved": "https://registry.npmjs.org/methods/-/methods-1.1.2.tgz",
					"integrity": "sha1-VSmk1nZUE07cxSZmVoNbD4Ua/O4=",
					"dev": true
				},
				"mime": {
					"version": "2.5.2",
					"resolved": "https://registry.npmjs.org/mime/-/mime-2.5.2.tgz",
					"integrity": "sha512-tqkh47FzKeCPD2PUiPB6pkbMzsCasjxAfC62/Wap5qrUWcb+sFasXUC5I3gYM5iBM8v/Qpn4UK0x+j0iHyFPDg==",
					"dev": true
				},
				"ms": {
					"version": "2.1.2",
					"resolved": "https://registry.npmjs.org/ms/-/ms-2.1.2.tgz",
					"integrity": "sha512-sGkPx+VjMtmA6MX27oA4FBFELFCZZ4S4XqeGOXCv68tT+jb3vk/RyaKWP0PTKyWtmLSM0b+adUTEvbs1PEaH2w==",
					"dev": true
				},
				"qs": {
					"version": "6.10.1",
					"resolved": "https://registry.npmjs.org/qs/-/qs-6.10.1.tgz",
					"integrity": "sha512-M528Hph6wsSVOBiYUnGf+K/7w0hNshs/duGsNXPUCLH5XAqjEtiPGwNONLV0tBH8NoGb0mvD5JubnUTrujKDTg==",
					"dev": true,
					"requires": {
						"side-channel": "^1.0.4"
					}
				},
				"readable-stream": {
					"version": "3.6.0",
					"resolved": "https://registry.npmjs.org/readable-stream/-/readable-stream-3.6.0.tgz",
					"integrity": "sha512-BViHy7LKeTz4oNnkcLJ+lVSL6vpiFeX6/d3oSH8zCW7UxP2onchk+vTGB143xuFjHS3deTgkKoXXymXqymiIdA==",
					"dev": true,
					"requires": {
						"inherits": "^2.0.3",
						"string_decoder": "^1.1.1",
						"util-deprecate": "^1.0.1"
					}
				},
				"string_decoder": {
					"version": "1.3.0",
					"resolved": "https://registry.npmjs.org/string_decoder/-/string_decoder-1.3.0.tgz",
					"integrity": "sha512-hkRX8U1WjJFd8LsDJ2yQ/wWWxaopEsABU1XfkM8A+j0+85JAGppt16cr1Whg6KIbb4okU6Mql6BOj+uup/wKeA==",
					"dev": true,
					"requires": {
						"safe-buffer": "~5.2.0"
					}
				}
			}
		},
		"supertest": {
			"version": "6.1.4",
			"resolved": "https://registry.npmjs.org/supertest/-/supertest-6.1.4.tgz",
			"integrity": "sha512-giC9Zm+Bf1CZP09ciPdUyl+XlMAu6rbch79KYiYKOGcbK2R1wH8h+APul1i/3wN6RF1XfWOIF+8X1ga+7SBrug==",
			"dev": true,
			"requires": {
				"methods": "^1.1.2",
				"superagent": "^6.1.0"
			},
			"dependencies": {
				"methods": {
					"version": "1.1.2",
					"resolved": "https://registry.npmjs.org/methods/-/methods-1.1.2.tgz",
					"integrity": "sha1-VSmk1nZUE07cxSZmVoNbD4Ua/O4=",
					"dev": true
				}
			}
		},
		"thenify": {
			"version": "3.3.1",
			"resolved": "https://registry.npmjs.org/thenify/-/thenify-3.3.1.tgz",
			"integrity": "sha512-RVZSIV5IG10Hk3enotrhvz0T9em6cyHBLkH/YAZuKqd8hRkKhSfCGIcP2KUY0EPxndzANBmNllzWPwak+bheSw==",
			"requires": {
				"any-promise": "^1.0.0"
			}
		},
		"thenify-all": {
			"version": "1.6.0",
			"resolved": "https://registry.npmjs.org/thenify-all/-/thenify-all-1.6.0.tgz",
			"integrity": "sha1-GhkY1ALY/D+Y+/I02wvMjMEOlyY=",
			"requires": {
				"thenify": ">= 3.1.0 < 4"
			}
		},
		"type-is": {
			"version": "1.3.2",
			"resolved": "https://registry.npmjs.org/type-is/-/type-is-1.3.2.tgz",
			"integrity": "sha1-TypdxYd1yhYwJQr8cYb4s2MJ0bs=",
			"requires": {
				"media-typer": "0.2.0",
				"mime-types": "~1.0.1"
			},
			"dependencies": {
				"mime-types": {
					"version": "1.0.2",
					"resolved": "https://registry.npmjs.org/mime-types/-/mime-types-1.0.2.tgz",
					"integrity": "sha1-mVrhOSq4r/y/yyZB3QVOlDwNXc4="
				}
			}
		},
		"uid-safe": {
			"version": "1.1.0",
			"resolved": "https://registry.npmjs.org/uid-safe/-/uid-safe-1.1.0.tgz",
			"integrity": "sha1-WNbF2r+N+9jVKDSDmAbAP9YUMjI=",
			"requires": {
				"base64-url": "1.2.1",
				"native-or-bluebird": "~1.1.2"
			},
			"dependencies": {
				"base64-url": {
					"version": "1.2.1",
					"resolved": "https://registry.npmjs.org/base64-url/-/base64-url-1.2.1.tgz",
					"integrity": "sha1-GZ/WYXAqDnt9yubgaYuwicUvbXg="
				}
			}
		},
		"util-deprecate": {
			"version": "1.0.2",
			"resolved": "https://registry.npmjs.org/util-deprecate/-/util-deprecate-1.0.2.tgz",
			"integrity": "sha1-RQ1Nyfpw3nMnYvvS1KKJgUGaDM8=",
			"dev": true
		},
		"utils-merge": {
			"version": "1.0.0",
			"resolved": "https://registry.npmjs.org/utils-merge/-/utils-merge-1.0.0.tgz",
			"integrity": "sha1-ApT7kiu5N1FTVBxPcJYjHyh8ivg="
		},
		"vary": {
			"version": "0.1.0",
			"resolved": "https://registry.npmjs.org/vary/-/vary-0.1.0.tgz",
			"integrity": "sha1-3wlFiZ6TwMxb0YzIMh2dIedPYXY="
		},
		"vhost": {
			"version": "2.0.0",
			"resolved": "https://registry.npmjs.org/vhost/-/vhost-2.0.0.tgz",
			"integrity": "sha1-HiZ3C9D86GxAlFWR5vKExokXkeI="
		},
		"yallist": {
			"version": "4.0.0",
			"resolved": "https://registry.npmjs.org/yallist/-/yallist-4.0.0.tgz",
			"integrity": "sha512-3wdGidZyq5PB084XLES5TpOSRA3wjXAlIWMhum2kRcv/41Sn2emQ0dycQW4uZXLejwKvg6EsvbdlVL+FYEct7A==",
			"dev": true
		}
	}
}
